
Microsoft Visual Studio Solution File, Format Version 12.00
# Visual Studio Version 17
VisualStudioVersion = 17.0.31919.166
MinimumVisualStudioVersion = 10.0.40219.1
Project("{9A19103F-16F7-4668-BE54-9A1E7A4F7556}") = "BankingSystem", "BankingSystem\BankingSystem.csproj", "{512B7330-098B-49DC-9E36-27265FFE6FA7}"
EndProject
Project("{FAE04EC0-301F-11D3-BF4B-00C04F79EFBC}") = "Common", "Common\Common.csproj", "{D9BFAF12-228E-4DD0-B41D-800E4EB98963}"
EndProject
Project("{FAE04EC0-301F-11D3-BF4B-00C04F79EFBC}") = "BankingSystem2", "BankingSystem2\BankingSystem2.csproj", "{CE36AB55-70A9-4904-908D-B10CB119863E}"
EndProject
Project("{FAE04EC0-301F-11D3-BF4B-00C04F79EFBC}") = "DAL", "DAL\DAL.csproj", "{C2C15919-DD38-4DDA-8BEF-64EA9E33E350}"
EndProject
Project("{FAE04EC0-301F-11D3-BF4B-00C04F79EFBC}") = "Controllers", "Controllers\Controllers.csproj", "{582B80D6-AB1C-4B34-AEBF-50D7343F8E06}"
EndProject
Global
	GlobalSection(SolutionConfigurationPlatforms) = preSolution
		Debug|Any CPU = Debug|Any CPU
		Release|Any CPU = Release|Any CPU
	EndGlobalSection
	GlobalSection(ProjectConfigurationPlatforms) = postSolution
		{512B7330-098B-49DC-9E36-27265FFE6FA7}.Debug|Any CPU.ActiveCfg = Debug|Any CPU
		{512B7330-098B-49DC-9E36-27265FFE6FA7}.Debug|Any CPU.Build.0 = Debug|Any CPU
		{512B7330-098B-49DC-9E36-27265FFE6FA7}.Release|Any CPU.ActiveCfg = Release|Any CPU
		{512B7330-098B-49DC-9E36-27265FFE6FA7}.Release|Any CPU.Build.0 = Release|Any CPU
		{D9BFAF12-228E-4DD0-B41D-800E4EB98963}.Debug|Any CPU.ActiveCfg = Debug|Any CPU
		{D9BFAF12-228E-4DD0-B41D-800E4EB98963}.Debug|Any CPU.Build.0 = Debug|Any CPU
		{D9BFAF12-228E-4DD0-B41D-800E4EB98963}.Release|Any CPU.ActiveCfg = Release|Any CPU
		{D9BFAF12-228E-4DD0-B41D-800E4EB98963}.Release|Any CPU.Build.0 = Release|Any CPU
		{CE36AB55-70A9-4904-908D-B10CB119863E}.Debug|Any CPU.ActiveCfg = Debug|Any CPU
		{CE36AB55-70A9-4904-908D-B10CB119863E}.Debug|Any CPU.Build.0 = Debug|Any CPU
		{CE36AB55-70A9-4904-908D-B10CB119863E}.Release|Any CPU.ActiveCfg = Release|Any CPU
		{CE36AB55-70A9-4904-908D-B10CB119863E}.Release|Any CPU.Build.0 = Release|Any CPU
		{C2C15919-DD38-4DDA-8BEF-64EA9E33E350}.Debug|Any CPU.ActiveCfg = Debug|Any CPU
		{C2C15919-DD38-4DDA-8BEF-64EA9E33E350}.Debug|Any CPU.Build.0 = Debug|Any CPU
		{C2C15919-DD38-4DDA-8BEF-64EA9E33E350}.Release|Any CPU.ActiveCfg = Release|Any CPU
		{C2C15919-DD38-4DDA-8BEF-64EA9E33E350}.Release|Any CPU.Build.0 = Release|Any CPU
		{582B80D6-AB1C-4B34-AEBF-50D7343F8E06}.Debug|Any CPU.ActiveCfg = Debug|Any CPU
		{582B80D6-AB1C-4B34-AEBF-50D7343F8E06}.Debug|Any CPU.Build.0 = Debug|Any CPU
		{582B80D6-AB1C-4B34-AEBF-50D7343F8E06}.Release|Any CPU.ActiveCfg = Release|Any CPU
		{582B80D6-AB1C-4B34-AEBF-50D7343F8E06}.Release|Any CPU.Build.0 = Release|Any CPU
	EndGlobalSection
	GlobalSection(SolutionProperties) = preSolution
		HideSolutionNode = FALSE
	EndGlobalSection
	GlobalSection(ExtensibilityGlobals) = postSolution
		SolutionGuid = {0A3953E0-6E4E-4AE6-8EAD-E2AB665CDF93}
	EndGlobalSection
EndGlobal
